
Microsoft Visual Studio Solution File, Format Version 12.00
# Visual Studio Version 16
VisualStudioVersion = 16.0.31605.320
MinimumVisualStudioVersion = 10.0.40219.1
Project("{FAE04EC0-301F-11D3-BF4B-00C04F79EFBC}") = "FizzBuzzForFakeItEasy", "FizzBuzzForFakeItEasy\FizzBuzzForFakeItEasy.csproj", "{D1A1F1B8-732E-48A1-B765-3612355F11DD}"
EndProject
Project("{FAE04EC0-301F-11D3-BF4B-00C04F79EFBC}") = "FizzBuzzForFakeItEasy.Tests", "FizzBuzzForFakeItEasy.Tests\FizzBuzzForFakeItEasy.Tests.csproj", "{7ADAD217-D797-4D5F-8A29-65FE884B802D}"
EndProject
Global
	GlobalSection(SolutionConfigurationPlatforms) = preSolution
		Debug|Any CPU = Debug|Any CPU
		Release|Any CPU = Release|Any CPU
	EndGlobalSection
	GlobalSection(ProjectConfigurationPlatforms) = postSolution
		{D1A1F1B8-732E-48A1-B765-3612355F11DD}.Debug|Any CPU.ActiveCfg = Debug|Any CPU
		{D1A1F1B8-732E-48A1-B765-3612355F11DD}.Debug|Any CPU.Build.0 = Debug|Any CPU
		{D1A1F1B8-732E-48A1-B765-3612355F11DD}.Release|Any CPU.ActiveCfg = Release|Any CPU
		{D1A1F1B8-732E-48A1-B765-3612355F11DD}.Release|Any CPU.Build.0 = Release|Any CPU
		{7ADAD217-D797-4D5F-8A29-65FE884B802D}.Debug|Any CPU.ActiveCfg = Debug|Any CPU
		{7ADAD217-D797-4D5F-8A29-65FE884B802D}.Debug|Any CPU.Build.0 = Debug|Any CPU
		{7ADAD217-D797-4D5F-8A29-65FE884B802D}.Release|Any CPU.ActiveCfg = Release|Any CPU
		{7ADAD217-D797-4D5F-8A29-65FE884B802D}.Release|Any CPU.Build.0 = Release|Any CPU
	EndGlobalSection
	GlobalSection(SolutionProperties) = preSolution
		HideSolutionNode = FALSE
	EndGlobalSection
	GlobalSection(ExtensibilityGlobals) = postSolution
		SolutionGuid = {D4CF24F6-7507-41DA-BA8D-DFF26BBD10C4}
	EndGlobalSection
EndGlobal
